{
  "name": "rovo-agent-rovo",
  "version": "1.2.0",
  "lockfileVersion": 3,
  "requires": true,
  "packages": {
    "": {
      "name": "rovo-agent-rovo",
      "version": "1.2.0",
      "license": "MIT",
      "dependencies": {
        "@forge/api": "^6.0.0",
        "node-html-parser": "^7.0.1"
      }
    },
    "node_modules/@forge/api": {
      "version": "6.0.0",
      "resolved": "https://registry.npmjs.org/@forge/api/-/api-6.0.0.tgz",
      "integrity": "sha512-9ZPGqIqMglMXjBXf1Pi/Jg5WUIKXbEI4R0/AQZ+D7cv7wCiKMxjiM84JU699yV2CpLS78Sn98pcLZDi+8ObStg==",
      "license": "SEE LICENSE IN LICENSE.txt",
      "dependencies": {
        "@forge/auth": "0.0.8",
        "@forge/egress": "2.0.0",
        "@forge/i18n": "0.0.6",
        "@forge/storage": "2.0.0",
        "@forge/util": "1.4.9",
        "headers-utils": "^3.0.2"
      }
    },
    "node_modules/@forge/auth": {
      "version": "0.0.8",
      "resolved": "https://registry.npmjs.org/@forge/auth/-/auth-0.0.8.tgz",
      "integrity": "sha512-nsI81rMYJz9qXSWrKiK6/ph0QIjwEUrBlUa6P/2+s8Gwwur/U82SDux3A25o4rbsqLdqWdpOTi/iRSKL1zUZfQ==",
      "license": "SEE LICENSE IN LICENSE.txt",
      "dependencies": {
        "tslib": "^2.6.2"
      }
    },
    "node_modules/@forge/egress": {
      "version": "2.0.0",
      "resolved": "https://registry.npmjs.org/@forge/egress/-/egress-2.0.0.tgz",
      "integrity": "sha512-PaNleNXpvlcxWC6r7cSpJ/0GmgqqNPE+gojnf67UVwQA0XCYrOZkgFqXu80CF3GHMn9kJxP4tmRNHMsYXcxLhQ==",
      "license": "SEE LICENSE IN LICENSE.txt",
      "dependencies": {
        "minimatch": "^9.0.3"
      }
    },
    "node_modules/@forge/i18n": {
      "version": "0.0.6",
      "resolved": "https://registry.npmjs.org/@forge/i18n/-/i18n-0.0.6.tgz",
      "integrity": "sha512-iIK0SxWwMUHp8ThYiBU+Cq/ty1Ng1dGEr+apWbh6SwbxaXWR8MGRr91AFj3BLLAiC6FXYprIBclgI8tRf0DxmA==",
      "license": "SEE LICENSE IN LICENSE.txt",
      "dependencies": {
        "lodash": "^4.17.21"
      }
    },
    "node_modules/@forge/storage": {
      "version": "2.0.0",
      "resolved": "https://registry.npmjs.org/@forge/storage/-/storage-2.0.0.tgz",
      "integrity": "sha512-orj6wrKISiOVLmxHwaqTbdaGBANrpGD3ckK0VKqrFY+D3ZzeLK+VF1Ppu7u4Wynxy35RnneOLXdjKR8U8Eadvg==",
      "license": "SEE LICENSE IN LICENSE.txt"
    },
    "node_modules/@forge/util": {
      "version": "1.4.9",
      "resolved": "https://registry.npmjs.org/@forge/util/-/util-1.4.9.tgz",
      "integrity": "sha512-ZLSXBRnIo/KRk3PKz7tb1YSywSHZCTY2JvG9OoU+qx1zU/rDPSP1K+72iBU7lK0x99eAraA5qEpZwPWaUIbBTw==",
      "license": "SEE LICENSE IN LICENSE.txt"
    },
    "node_modules/balanced-match": {
      "version": "1.0.2",
      "resolved": "https://registry.npmjs.org/balanced-match/-/balanced-match-1.0.2.tgz",
      "integrity": "sha512-3oSeUO0TMV67hN1AmbXsK4yaqU7tjiHlbxRDZOpH0KW9+CeX4bRAaX0Anxt0tx2MrpRpWwQaPwIlISEJhYU5Pw==",
      "license": "MIT"
    },
    "node_modules/boolbase": {
      "version": "1.0.0",
      "resolved": "https://registry.npmjs.org/boolbase/-/boolbase-1.0.0.tgz",
      "integrity": "sha512-JZOSA7Mo9sNGB8+UjSgzdLtokWAky1zbztM3WRLCbZ70/3cTANmQmOdR7y2g+J0e2WXywy1yS468tY+IruqEww==",
      "license": "ISC"
    },
    "node_modules/brace-expansion": {
      "version": "2.0.2",
      "resolved": "https://registry.npmjs.org/brace-expansion/-/brace-expansion-2.0.2.tgz",
      "integrity": "sha512-Jt0vHyM+jmUBqojB7E1NIYadt0vI0Qxjxd2TErW94wDz+E2LAm5vKMXXwg6ZZBTHPuUlDgQHKXvjGBdfcF1ZDQ==",
      "license": "MIT",
      "dependencies": {
        "balanced-match": "^1.0.0"
      }
    },
    "node_modules/css-select": {
      "version": "5.1.0",
      "resolved": "https://registry.npmjs.org/css-select/-/css-select-5.1.0.tgz",
      "integrity": "sha512-nwoRF1rvRRnnCqqY7updORDsuqKzqYJ28+oSMaJMMgOauh3fvwHqMS7EZpIPqK8GL+g9mKxF1vP/ZjSeNjEVHg==",
      "license": "BSD-2-Clause",
      "dependencies": {
        "boolbase": "^1.0.0",
        "css-what": "^6.1.0",
        "domhandler": "^5.0.2",
        "domutils": "^3.0.1",
        "nth-check": "^2.0.1"
      },
      "funding": {
        "url": "https://github.com/sponsors/fb55"
      }
    },
    "node_modules/css-what": {
      "version": "6.1.0",
      "resolved": "https://registry.npmjs.org/css-what/-/css-what-6.1.0.tgz",
      "integrity": "sha512-HTUrgRJ7r4dsZKU6GjmpfRK1O76h97Z8MfS1G0FozR+oF2kG6Vfe8JE6zwrkbxigziPHinCJ+gCPjA9EaBDtRw==",
      "license": "BSD-2-Clause",
      "engines": {
        "node": ">= 6"
      },
      "funding": {
        "url": "https://github.com/sponsors/fb55"
      }
    },
    "node_modules/dom-serializer": {
      "version": "2.0.0",
      "resolved": "https://registry.npmjs.org/dom-serializer/-/dom-serializer-2.0.0.tgz",
      "integrity": "sha512-wIkAryiqt/nV5EQKqQpo3SToSOV9J0DnbJqwK7Wv/Trc92zIAYZ4FlMu+JPFW1DfGFt81ZTCGgDEabffXeLyJg==",
      "license": "MIT",
      "dependencies": {
        "domelementtype": "^2.3.0",
        "domhandler": "^5.0.2",
        "entities": "^4.2.0"
      },
      "funding": {
        "url": "https://github.com/cheeriojs/dom-serializer?sponsor=1"
      }
    },
    "node_modules/domelementtype": {
      "version": "2.3.0",
      "resolved": "https://registry.npmjs.org/domelementtype/-/domelementtype-2.3.0.tgz",
      "integrity": "sha512-OLETBj6w0OsagBwdXnPdN0cnMfF9opN69co+7ZrbfPGrdpPVNBUj02spi6B1N7wChLQiPn4CSH/zJvXw56gmHw==",
      "funding": [
        {
          "type": "github",
          "url": "https://github.com/sponsors/fb55"
        }
      ],
      "license": "BSD-2-Clause"
    },
    "node_modules/domhandler": {
      "version": "5.0.3",
      "resolved": "https://registry.npmjs.org/domhandler/-/domhandler-5.0.3.tgz",
      "integrity": "sha512-cgwlv/1iFQiFnU96XXgROh8xTeetsnJiDsTc7TYCLFd9+/WNkIqPTxiM/8pSd8VIrhXGTf1Ny1q1hquVqDJB5w==",
      "license": "BSD-2-Clause",
      "dependencies": {
        "domelementtype": "^2.3.0"
      },
      "engines": {
        "node": ">= 4"
      },
      "funding": {
        "url": "https://github.com/fb55/domhandler?sponsor=1"
      }
    },
    "node_modules/domutils": {
      "version": "3.2.2",
      "resolved": "https://registry.npmjs.org/domutils/-/domutils-3.2.2.tgz",
      "integrity": "sha512-6kZKyUajlDuqlHKVX1w7gyslj9MPIXzIFiz/rGu35uC1wMi+kMhQwGhl4lt9unC9Vb9INnY9Z3/ZA3+FhASLaw==",
      "license": "BSD-2-Clause",
      "dependencies": {
        "dom-serializer": "^2.0.0",
        "domelementtype": "^2.3.0",
        "domhandler": "^5.0.3"
      },
      "funding": {
        "url": "https://github.com/fb55/domutils?sponsor=1"
      }
    },
    "node_modules/entities": {
      "version": "4.5.0",
      "resolved": "https://registry.npmjs.org/entities/-/entities-4.5.0.tgz",
      "integrity": "sha512-V0hjH4dGPh9Ao5p0MoRY6BVqtwCjhz6vI5LT8AJ55H+4g9/4vbHx1I54fS0XuclLhDHArPQCiMjDxjaL8fPxhw==",
      "license": "BSD-2-Clause",
      "engines": {
        "node": ">=0.12"
      },
      "funding": {
        "url": "https://github.com/fb55/entities?sponsor=1"
      }
    },
    "node_modules/he": {
      "version": "1.2.0",
      "resolved": "https://registry.npmjs.org/he/-/he-1.2.0.tgz",
      "integrity": "sha512-F/1DnUGPopORZi0ni+CvrCgHQ5FyEAHRLSApuYWMmrbSwoN2Mn/7k+Gl38gJnR7yyDZk6WLXwiGod1JOWNDKGw==",
      "license": "MIT",
      "bin": {
        "he": "bin/he"
      }
    },
    "node_modules/headers-utils": {
      "version": "3.0.2",
      "resolved": "https://registry.npmjs.org/headers-utils/-/headers-utils-3.0.2.tgz",
      "integrity": "sha512-xAxZkM1dRyGV2Ou5bzMxBPNLoRCjcX+ya7KSWybQD2KwLphxsapUVK6x/02o7f4VU6GPSXch9vNY2+gkU8tYWQ==",
      "license": "MIT"
    },
    "node_modules/lodash": {
      "version": "4.17.21",
      "resolved": "https://registry.npmjs.org/lodash/-/lodash-4.17.21.tgz",
      "integrity": "sha512-v2kDEe57lecTulaDIuNTPy3Ry4gLGJ6Z1O3vE1krgXZNrsQ+LFTGHVxVjcXPs17LhbZVGedAJv8XZ1tvj5FvSg==",
      "license": "MIT"
    },
    "node_modules/minimatch": {
      "version": "9.0.5",
      "resolved": "https://registry.npmjs.org/minimatch/-/minimatch-9.0.5.tgz",
      "integrity": "sha512-G6T0ZX48xgozx7587koeX9Ys2NYy6Gmv//P89sEte9V9whIapMNF4idKxnW2QtCcLiTWlb/wfCabAtAFWhhBow==",
      "license": "ISC",
      "dependencies": {
        "brace-expansion": "^2.0.1"
      },
      "engines": {
        "node": ">=16 || 14 >=14.17"
      },
      "funding": {
        "url": "https://github.com/sponsors/isaacs"
      }
    },
    "node_modules/node-html-parser": {
      "version": "7.0.1",
      "resolved": "https://registry.npmjs.org/node-html-parser/-/node-html-parser-7.0.1.tgz",
      "integrity": "sha512-KGtmPY2kS0thCWGK0VuPyOS+pBKhhe8gXztzA2ilAOhbUbxa9homF1bOyKvhGzMLXUoRds9IOmr/v5lr/lqNmA==",
      "license": "MIT",
      "dependencies": {
        "css-select": "^5.1.0",
        "he": "1.2.0"
      }
    },
    "node_modules/nth-check": {
      "version": "2.1.1",
      "resolved": "https://registry.npmjs.org/nth-check/-/nth-check-2.1.1.tgz",
      "integrity": "sha512-lqjrjmaOoAnWfMmBPL+XNnynZh2+swxiX3WUE0s4yEHI6m+AwrK2UZOimIRl3X/4QctVqS8AiZjFqyOGrMXb/w==",
      "license": "BSD-2-Clause",
      "dependencies": {
        "boolbase": "^1.0.0"
      },
      "funding": {
        "url": "https://github.com/fb55/nth-check?sponsor=1"
      }
    },
    "node_modules/tslib": {
      "version": "2.8.1",
      "resolved": "https://registry.npmjs.org/tslib/-/tslib-2.8.1.tgz",
      "integrity": "sha512-oJFu94HQb+KVduSUQL7wnpmqnfmLsOA/nAh6b6EH0wCEoK0/mPeXU6c3wKDV83MkOuHPRHtSXKKU99IBazS/2w==",
      "license": "0BSD"
    }
  }
}
